// !$*UTF8*$!
{
	archiveVersion = 1;
	classes = {
	};
	objectVersion = 56;
	objects = {

/* Begin PBXBuildFile section */
		2EFDB86D2AA7371B0008E7B6 /* AppDelegate.swift in Sources */ = {isa = PBXBuildFile; fileRef = 2EFDB86C2AA7371B0008E7B6 /* AppDelegate.swift */; };
		2EFDB86F2AA7371B0008E7B6 /* SceneDelegate.swift in Sources */ = {isa = PBXBuildFile; fileRef = 2EFDB86E2AA7371B0008E7B6 /* SceneDelegate.swift */; };
		2EFDB8712AA7371B0008E7B6 /* ViewController.swift in Sources */ = {isa = PBXBuildFile; fileRef = 2EFDB8702AA7371B0008E7B6 /* ViewController.swift */; };
		2EFDB8742AA7371B0008E7B6 /* Main.storyboard in Resources */ = {isa = PBXBuildFile; fileRef = 2EFDB8722AA7371B0008E7B6 /* Main.storyboard */; };
		2EFDB8762AA7371C0008E7B6 /* Assets.xcassets in Resources */ = {isa = PBXBuildFile; fileRef = 2EFDB8752AA7371C0008E7B6 /* Assets.xcassets */; };
		2EFDB8792AA7371C0008E7B6 /* LaunchScreen.storyboard in Resources */ = {isa = PBXBuildFile; fileRef = 2EFDB8772AA7371C0008E7B6 /* LaunchScreen.storyboard */; };
		2EFDB8842AA7371C0008E7B6 /* SnakeAndLaddersTests.swift in Sources */ = {isa = PBXBuildFile; fileRef = 2EFDB8832AA7371C0008E7B6 /* SnakeAndLaddersTests.swift */; };
		2EFDB88E2AA7371C0008E7B6 /* SnakeAndLaddersUITests.swift in Sources */ = {isa = PBXBuildFile; fileRef = 2EFDB88D2AA7371C0008E7B6 /* SnakeAndLaddersUITests.swift */; };
		2EFDB8902AA7371C0008E7B6 /* SnakeAndLaddersUITestsLaunchTests.swift in Sources */ = {isa = PBXBuildFile; fileRef = 2EFDB88F2AA7371C0008E7B6 /* SnakeAndLaddersUITestsLaunchTests.swift */; };
		2EFDB89D2AA7374C0008E7B6 /* Players.swift in Sources */ = {isa = PBXBuildFile; fileRef = 2EFDB89C2AA7374C0008E7B6 /* Players.swift */; };
		2EFDB89F2AA737770008E7B6 /* SnakeLadderDecorator.swift in Sources */ = {isa = PBXBuildFile; fileRef = 2EFDB89E2AA737770008E7B6 /* SnakeLadderDecorator.swift */; };
		2EFDB8A12AA7380A0008E7B6 /* TestModelClass.swift in Sources */ = {isa = PBXBuildFile; fileRef = 2EFDB8A02AA7380A0008E7B6 /* TestModelClass.swift */; };
/* End PBXBuildFile section */

/* Begin PBXContainerItemProxy section */
		2EFDB8802AA7371C0008E7B6 /* PBXContainerItemProxy */ = {
			isa = PBXContainerItemProxy;
			containerPortal = 2EFDB8612AA7371B0008E7B6 /* Project object */;
			proxyType = 1;
			remoteGlobalIDString = 2EFDB8682AA7371B0008E7B6;
			remoteInfo = SnakeAndLadders;
		};
		2EFDB88A2AA7371C0008E7B6 /* PBXContainerItemProxy */ = {
			isa = PBXContainerItemProxy;
			containerPortal = 2EFDB8612AA7371B0008E7B6 /* Project object */;
			proxyType = 1;
			remoteGlobalIDString = 2EFDB8682AA7371B0008E7B6;
			remoteInfo = SnakeAndLadders;
		};
/* End PBXContainerItemProxy section */

/* Begin PBXFileReference section */
		2EFDB8692AA7371B0008E7B6 /* SnakeAndLadders.app */ = {isa = PBXFileReference; explicitFileType = wrapper.application; includeInIndex = 0; path = SnakeAndLadders.app; sourceTree = BUILT_PRODUCTS_DIR; };
		2EFDB86C2AA7371B0008E7B6 /* AppDelegate.swift */ = {isa = PBXFileReference; lastKnownFileType = sourcecode.swift; path = AppDelegate.swift; sourceTree = "<group>"; };
		2EFDB86E2AA7371B0008E7B6 /* SceneDelegate.swift */ = {isa = PBXFileReference; lastKnownFileType = sourcecode.swift; path = SceneDelegate.swift; sourceTree = "<group>"; };
		2EFDB8702AA7371B0008E7B6 /* ViewController.swift */ = {isa = PBXFileReference; lastKnownFileType = sourcecode.swift; path = ViewController.swift; sourceTree = "<group>"; };
		2EFDB8732AA7371B0008E7B6 /* Base */ = {isa = PBXFileReference; lastKnownFileType = file.storyboard; name = Base; path = Base.lproj/Main.storyboard; sourceTree = "<group>"; };
		2EFDB8752AA7371C0008E7B6 /* Assets.xcassets */ = {isa = PBXFileReference; lastKnownFileType = folder.assetcatalog; path = Assets.xcassets; sourceTree = "<group>"; };
		2EFDB8782AA7371C0008E7B6 /* Base */ = {isa = PBXFileReference; lastKnownFileType = file.storyboard; name = Base; path = Base.lproj/LaunchScreen.storyboard; sourceTree = "<group>"; };
		2EFDB87A2AA7371C0008E7B6 /* Info.plist */ = {isa = PBXFileReference; lastKnownFileType = text.plist.xml; path = Info.plist; sourceTree = "<group>"; };
		2EFDB87F2AA7371C0008E7B6 /* SnakeAndLaddersTests.xctest */ = {isa = PBXFileReference; explicitFileType = wrapper.cfbundle; includeInIndex = 0; path = SnakeAndLaddersTests.xctest; sourceTree = BUILT_PRODUCTS_DIR; };
		2EFDB8832AA7371C0008E7B6 /* SnakeAndLaddersTests.swift */ = {isa = PBXFileReference; lastKnownFileType = sourcecode.swift; path = SnakeAndLaddersTests.swift; sourceTree = "<group>"; };
		2EFDB8892AA7371C0008E7B6 /* SnakeAndLaddersUITests.xctest */ = {isa = PBXFileReference; explicitFileType = wrapper.cfbundle; includeInIndex = 0; path = SnakeAndLaddersUITests.xctest; sourceTree = BUILT_PRODUCTS_DIR; };
		2EFDB88D2AA7371C0008E7B6 /* SnakeAndLaddersUITests.swift */ = {isa = PBXFileReference; lastKnownFileType = sourcecode.swift; path = SnakeAndLaddersUITests.swift; sourceTree = "<group>"; };
		2EFDB88F2AA7371C0008E7B6 /* SnakeAndLaddersUITestsLaunchTests.swift */ = {isa = PBXFileReference; lastKnownFileType = sourcecode.swift; path = SnakeAndLaddersUITestsLaunchTests.swift; sourceTree = "<group>"; };
		2EFDB89C2AA7374C0008E7B6 /* Players.swift */ = {isa = PBXFileReference; lastKnownFileType = sourcecode.swift; path = Players.swift; sourceTree = "<group>"; };
		2EFDB89E2AA737770008E7B6 /* SnakeLadderDecorator.swift */ = {isa = PBXFileReference; lastKnownFileType = sourcecode.swift; path = SnakeLadderDecorator.swift; sourceTree = "<group>"; };
		2EFDB8A02AA7380A0008E7B6 /* TestModelClass.swift */ = {isa = PBXFileReference; lastKnownFileType = sourcecode.swift; path = TestModelClass.swift; sourceTree = "<group>"; };
/* End PBXFileReference section */

/* Begin PBXFrameworksBuildPhase section */
		2EFDB8662AA7371B0008E7B6 /* Frameworks */ = {
			isa = PBXFrameworksBuildPhase;
			buildActionMask = 2147483647;
			files = (
			);
			runOnlyForDeploymentPostprocessing = 0;
		};
		2EFDB87C2AA7371C0008E7B6 /* Frameworks */ = {
			isa = PBXFrameworksBuildPhase;
			buildActionMask = 2147483647;
			files = (
			);
			runOnlyForDeploymentPostprocessing = 0;
		};
		2EFDB8862AA7371C0008E7B6 /* Frameworks */ = {
			isa = PBXFrameworksBuildPhase;
			buildActionMask = 2147483647;
			files = (
			);
			runOnlyForDeploymentPostprocessing = 0;
		};
/* End PBXFrameworksBuildPhase section */

/* Begin PBXGroup section */
		2EFDB8602AA7371B0008E7B6 = {
			isa = PBXGroup;
			children = (
				2EFDB86B2AA7371B0008E7B6 /* SnakeAndLadders */,
				2EFDB8822AA7371C0008E7B6 /* SnakeAndLaddersTests */,
				2EFDB88C2AA7371C0008E7B6 /* SnakeAndLaddersUITests */,
				2EFDB86A2AA7371B0008E7B6 /* Products */,
			);
			sourceTree = "<group>";
		};
		2EFDB86A2AA7371B0008E7B6 /* Products */ = {
			isa = PBXGroup;
			children = (
				2EFDB8692AA7371B0008E7B6 /* SnakeAndLadders.app */,
				2EFDB87F2AA7371C0008E7B6 /* SnakeAndLaddersTests.xctest */,
				2EFDB8892AA7371C0008E7B6 /* SnakeAndLaddersUITests.xctest */,
			);
			name = Products;
			sourceTree = "<group>";
		};
		2EFDB86B2AA7371B0008E7B6 /* SnakeAndLadders */ = {
			isa = PBXGroup;
			children = (
				2EFDB86C2AA7371B0008E7B6 /* AppDelegate.swift */,
				2EFDB86E2AA7371B0008E7B6 /* SceneDelegate.swift */,
				2EFDB8702AA7371B0008E7B6 /* ViewController.swift */,
				2EFDB89C2AA7374C0008E7B6 /* Players.swift */,
				2EFDB89E2AA737770008E7B6 /* SnakeLadderDecorator.swift */,
				2EFDB8722AA7371B0008E7B6 /* Main.storyboard */,
				2EFDB8752AA7371C0008E7B6 /* Assets.xcassets */,
				2EFDB8772AA7371C0008E7B6 /* LaunchScreen.storyboard */,
				2EFDB87A2AA7371C0008E7B6 /* Info.plist */,
			);
			path = SnakeAndLadders;
			sourceTree = "<group>";
		};
		2EFDB8822AA7371C0008E7B6 /* SnakeAndLaddersTests */ = {
			isa = PBXGroup;
			children = (
				2EFDB8832AA7371C0008E7B6 /* SnakeAndLaddersTests.swift */,
				2EFDB8A02AA7380A0008E7B6 /* TestModelClass.swift */,
			);
			path = SnakeAndLaddersTests;
			sourceTree = "<group>";
		};
		2EFDB88C2AA7371C0008E7B6 /* SnakeAndLaddersUITests */ = {
			isa = PBXGroup;
			children = (
				2EFDB88D2AA7371C0008E7B6 /* SnakeAndLaddersUITests.swift */,
				2EFDB88F2AA7371C0008E7B6 /* SnakeAndLaddersUITestsLaunchTests.swift */,
			);
			path = SnakeAndLaddersUITests;
			sourceTree = "<group>";
		};
/* End PBXGroup section */

/* Begin PBXNativeTarget section */
		2EFDB8682AA7371B0008E7B6 /* SnakeAndLadders */ = {
			isa = PBXNativeTarget;
			buildConfigurationList = 2EFDB8932AA7371C0008E7B6 /* Build configuration list for PBXNativeTarget "SnakeAndLadders" */;
			buildPhases = (
				2EFDB8652AA7371B0008E7B6 /* Sources */,
				2EFDB8662AA7371B0008E7B6 /* Frameworks */,
				2EFDB8672AA7371B0008E7B6 /* Resources */,
			);
			buildRules = (
			);
			dependencies = (
			);
			name = SnakeAndLadders;
			productName = SnakeAndLadders;
			productReference = 2EFDB8692AA7371B0008E7B6 /* SnakeAndLadders.app */;
			productType = "com.apple.product-type.application";
		};
		2EFDB87E2AA7371C0008E7B6 /* SnakeAndLaddersTests */ = {
			isa = PBXNativeTarget;
			buildConfigurationList = 2EFDB8962AA7371C0008E7B6 /* Build configuration list for PBXNativeTarget "SnakeAndLaddersTests" */;
			buildPhases = (
				2EFDB87B2AA7371C0008E7B6 /* Sources */,
				2EFDB87C2AA7371C0008E7B6 /* Frameworks */,
				2EFDB87D2AA7371C0008E7B6 /* Resources */,
			);
			buildRules = (
			);
			dependencies = (
				2EFDB8812AA7371C0008E7B6 /* PBXTargetDependency */,
			);
			name = SnakeAndLaddersTests;
			productName = SnakeAndLaddersTests;
			productReference = 2EFDB87F2AA7371C0008E7B6 /* SnakeAndLaddersTests.xctest */;
			productType = "com.apple.product-type.bundle.unit-test";
		};
		2EFDB8882AA7371C0008E7B6 /* SnakeAndLaddersUITests */ = {
			isa = PBXNativeTarget;
			buildConfigurationList = 2EFDB8992AA7371C0008E7B6 /* Build configuration list for PBXNativeTarget "SnakeAndLaddersUITests" */;
			buildPhases = (
				2EFDB8852AA7371C0008E7B6 /* Sources */,
				2EFDB8862AA7371C0008E7B6 /* Frameworks */,
				2EFDB8872AA7371C0008E7B6 /* Resources */,
			);
			buildRules = (
			);
			dependencies = (
				2EFDB88B2AA7371C0008E7B6 /* PBXTargetDependency */,
			);
			name = SnakeAndLaddersUITests;
			productName = SnakeAndLaddersUITests;
			productReference = 2EFDB8892AA7371C0008E7B6 /* SnakeAndLaddersUITests.xctest */;
			productType = "com.apple.product-type.bundle.ui-testing";
		};
/* End PBXNativeTarget section */

/* Begin PBXProject section */
		2EFDB8612AA7371B0008E7B6 /* Project object */ = {
			isa = PBXProject;
			attributes = {
				BuildIndependentTargetsInParallel = 1;
				LastSwiftUpdateCheck = 1410;
				LastUpgradeCheck = 1410;
				TargetAttributes = {
					2EFDB8682AA7371B0008E7B6 = {
						CreatedOnToolsVersion = 14.1;
					};
					2EFDB87E2AA7371C0008E7B6 = {
						CreatedOnToolsVersion = 14.1;
						TestTargetID = 2EFDB8682AA7371B0008E7B6;
					};
					2EFDB8882AA7371C0008E7B6 = {
						CreatedOnToolsVersion = 14.1;
						TestTargetID = 2EFDB8682AA7371B0008E7B6;
					};
				};
			};
			buildConfigurationList = 2EFDB8642AA7371B0008E7B6 /* Build configuration list for PBXProject "SnakeAndLadders" */;
			compatibilityVersion = "Xcode 14.0";
			developmentRegion = en;
			hasScannedForEncodings = 0;
			knownRegions = (
				en,
				Base,
			);
			mainGroup = 2EFDB8602AA7371B0008E7B6;
			productRefGroup = 2EFDB86A2AA7371B0008E7B6 /* Products */;
			projectDirPath = "";
			projectRoot = "";
			targets = (
				2EFDB8682AA7371B0008E7B6 /* SnakeAndLadders */,
				2EFDB87E2AA7371C0008E7B6 /* SnakeAndLaddersTests */,
				2EFDB8882AA7371C0008E7B6 /* SnakeAndLaddersUITests */,
			);
		};
/* End PBXProject section */

/* Begin PBXResourcesBuildPhase section */
		2EFDB8672AA7371B0008E7B6 /* Resources */ = {
			isa = PBXResourcesBuildPhase;
			buildActionMask = 2147483647;
			files = (
				2EFDB8792AA7371C0008E7B6 /* LaunchScreen.storyboard in Resources */,
				2EFDB8762AA7371C0008E7B6 /* Assets.xcassets in Resources */,
				2EFDB8742AA7371B0008E7B6 /* Main.storyboard in Resources */,
			);
			runOnlyForDeploymentPostprocessing = 0;
		};
		2EFDB87D2AA7371C0008E7B6 /* Resources */ = {
			isa = PBXResourcesBuildPhase;
			buildActionMask = 2147483647;
			files = (
			);
			runOnlyForDeploymentPostprocessing = 0;
		};
		2EFDB8872AA7371C0008E7B6 /* Resources */ = {
			isa = PBXResourcesBuildPhase;
			buildActionMask = 2147483647;
			files = (
			);
			runOnlyForDeploymentPostprocessing = 0;
		};
/* End PBXResourcesBuildPhase section */

/* Begin PBXSourcesBuildPhase section */
		2EFDB8652AA7371B0008E7B6 /* Sources */ = {
			isa = PBXSourcesBuildPhase;
			buildActionMask = 2147483647;
			files = (
				2EFDB89D2AA7374C0008E7B6 /* Players.swift in Sources */,
				2EFDB89F2AA737770008E7B6 /* SnakeLadderDecorator.swift in Sources */,
				2EFDB8712AA7371B0008E7B6 /* ViewController.swift in Sources */,
				2EFDB86D2AA7371B0008E7B6 /* AppDelegate.swift in Sources */,
				2EFDB86F2AA7371B0008E7B6 /* SceneDelegate.swift in Sources */,
			);
			runOnlyForDeploymentPostprocessing = 0;
		};
		2EFDB87B2AA7371C0008E7B6 /* Sources */ = {
			isa = PBXSourcesBuildPhase;
			buildActionMask = 2147483647;
			files = (
				2EFDB8A12AA7380A0008E7B6 /* TestModelClass.swift in Sources */,
				2EFDB8842AA7371C0008E7B6 /* SnakeAndLaddersTests.swift in Sources */,
			);
			runOnlyForDeploymentPostprocessing = 0;
		};
		2EFDB8852AA7371C0008E7B6 /* Sources */ = {
			isa = PBXSourcesBuildPhase;
			buildActionMask = 2147483647;
			files = (
				2EFDB88E2AA7371C0008E7B6 /* SnakeAndLaddersUITests.swift in Sources */,
				2EFDB8902AA7371C0008E7B6 /* SnakeAndLaddersUITestsLaunchTests.swift in Sources */,
			);
			runOnlyForDeploymentPostprocessing = 0;
		};
/* End PBXSourcesBuildPhase section */

/* Begin PBXTargetDependency section */
		2EFDB8812AA7371C0008E7B6 /* PBXTargetDependency */ = {
			isa = PBXTargetDependency;
			target = 2EFDB8682AA7371B0008E7B6 /* SnakeAndLadders */;
			targetProxy = 2EFDB8802AA7371C0008E7B6 /* PBXContainerItemProxy */;
		};
		2EFDB88B2AA7371C0008E7B6 /* PBXTargetDependency */ = {
			isa = PBXTargetDependency;
			target = 2EFDB8682AA7371B0008E7B6 /* SnakeAndLadders */;
			targetProxy = 2EFDB88A2AA7371C0008E7B6 /* PBXContainerItemProxy */;
		};
/* End PBXTargetDependency section */

/* Begin PBXVariantGroup section */
		2EFDB8722AA7371B0008E7B6 /* Main.storyboard */ = {
			isa = PBXVariantGroup;
			children = (
				2EFDB8732AA7371B0008E7B6 /* Base */,
			);
			name = Main.storyboard;
			sourceTree = "<group>";
		};
		2EFDB8772AA7371C0008E7B6 /* LaunchScreen.storyboard */ = {
			isa = PBXVariantGroup;
			children = (
				2EFDB8782AA7371C0008E7B6 /* Base */,
			);
			name = LaunchScreen.storyboard;
			sourceTree = "<group>";
		};
/* End PBXVariantGroup section */

/* Begin XCBuildConfiguration section */
		2EFDB8912AA7371C0008E7B6 /* Debug */ = {
			isa = XCBuildConfiguration;
			buildSettings = {
				ALWAYS_SEARCH_USER_PATHS = NO;
				CLANG_ANALYZER_NONNULL = YES;
				CLANG_ANALYZER_NUMBER_OBJECT_CONVERSION = YES_AGGRESSIVE;
				CLANG_CXX_LANGUAGE_STANDARD = "gnu++20";
				CLANG_ENABLE_MODULES = YES;
				CLANG_ENABLE_OBJC_ARC = YES;
				CLANG_ENABLE_OBJC_WEAK = YES;
				CLANG_WARN_BLOCK_CAPTURE_AUTORELEASING = YES;
				CLANG_WARN_BOOL_CONVERSION = YES;
				CLANG_WARN_COMMA = YES;
				CLANG_WARN_CONSTANT_CONVERSION = YES;
				CLANG_WARN_DEPRECATED_OBJC_IMPLEMENTATIONS = YES;
				CLANG_WARN_DIRECT_OBJC_ISA_USAGE = YES_ERROR;
				CLANG_WARN_DOCUMENTATION_COMMENTS = YES;
				CLANG_WARN_EMPTY_BODY = YES;
				CLANG_WARN_ENUM_CONVERSION = YES;
				CLANG_WARN_INFINITE_RECURSION = YES;
				CLANG_WARN_INT_CONVERSION = YES;
				CLANG_WARN_NON_LITERAL_NULL_CONVERSION = YES;
				CLANG_WARN_OBJC_IMPLICIT_RETAIN_SELF = YES;
				CLANG_WARN_OBJC_LITERAL_CONVERSION = YES;
				CLANG_WARN_OBJC_ROOT_CLASS = YES_ERROR;
				CLANG_WARN_QUOTED_INCLUDE_IN_FRAMEWORK_HEADER = YES;
				CLANG_WARN_RANGE_LOOP_ANALYSIS = YES;
				CLANG_WARN_STRICT_PROTOTYPES = YES;
				CLANG_WARN_SUSPICIOUS_MOVE = YES;
				CLANG_WARN_UNGUARDED_AVAILABILITY = YES_AGGRESSIVE;
				CLANG_WARN_UNREACHABLE_CODE = YES;
				CLANG_WARN__DUPLICATE_METHOD_MATCH = YES;
				COPY_PHASE_STRIP = NO;
				DEBUG_INFORMATION_FORMAT = dwarf;
				ENABLE_STRICT_OBJC_MSGSEND = YES;
				ENABLE_TESTABILITY = YES;
				GCC_C_LANGUAGE_STANDARD = gnu11;
				GCC_DYNAMIC_NO_PIC = NO;
				GCC_NO_COMMON_BLOCKS = YES;
				GCC_OPTIMIZATION_LEVEL = 0;
				GCC_PREPROCESSOR_DEFINITIONS = (
					"DEBUG=1",
					"$(inherited)",
				);
				GCC_WARN_64_TO_32_BIT_CONVERSION = YES;
				GCC_WARN_ABOUT_RETURN_TYPE = YES_ERROR;
				GCC_WARN_UNDECLARED_SELECTOR = YES;
				GCC_WARN_UNINITIALIZED_AUTOS = YES_AGGRESSIVE;
				GCC_WARN_UNUSED_FUNCTION = YES;
				GCC_WARN_UNUSED_VARIABLE = YES;
				IPHONEOS_DEPLOYMENT_TARGET = 16.1;
				MTL_ENABLE_DEBUG_INFO = INCLUDE_SOURCE;
				MTL_FAST_MATH = YES;
				ONLY_ACTIVE_ARCH = YES;
				SDKROOT = iphoneos;
				SWIFT_ACTIVE_COMPILATION_CONDITIONS = DEBUG;
				SWIFT_OPTIMIZATION_LEVEL = "-Onone";
			};
			name = Debug;
		};
		2EFDB8922AA7371C0008E7B6 /* Release */ = {
			isa = XCBuildConfiguration;
			buildSettings = {
				ALWAYS_SEARCH_USER_PATHS = NO;
				CLANG_ANALYZER_NONNULL = YES;
				CLANG_ANALYZER_NUMBER_OBJECT_CONVERSION = YES_AGGRESSIVE;
				CLANG_CXX_LANGUAGE_STANDARD = "gnu++20";
				CLANG_ENABLE_MODULES = YES;
				CLANG_ENABLE_OBJC_ARC = YES;
				CLANG_ENABLE_OBJC_WEAK = YES;
				CLANG_WARN_BLOCK_CAPTURE_AUTORELEASING = YES;
				CLANG_WARN_BOOL_CONVERSION = YES;
				CLANG_WARN_COMMA = YES;
				CLANG_WARN_CONSTANT_CONVERSION = YES;
				CLANG_WARN_DEPRECATED_OBJC_IMPLEMENTATIONS = YES;
				CLANG_WARN_DIRECT_OBJC_ISA_USAGE = YES_ERROR;
				CLANG_WARN_DOCUMENTATION_COMMENTS = YES;
				CLANG_WARN_EMPTY_BODY = YES;
				CLANG_WARN_ENUM_CONVERSION = YES;
				CLANG_WARN_INFINITE_RECURSION = YES;
				CLANG_WARN_INT_CONVERSION = YES;
				CLANG_WARN_NON_LITERAL_NULL_CONVERSION = YES;
				CLANG_WARN_OBJC_IMPLICIT_RETAIN_SELF = YES;
				CLANG_WARN_OBJC_LITERAL_CONVERSION = YES;
				CLANG_WARN_OBJC_ROOT_CLASS = YES_ERROR;
				CLANG_WARN_QUOTED_INCLUDE_IN_FRAMEWORK_HEADER = YES;
				CLANG_WARN_RANGE_LOOP_ANALYSIS = YES;
				CLANG_WARN_STRICT_PROTOTYPES = YES;
				CLANG_WARN_SUSPICIOUS_MOVE = YES;
				CLANG_WARN_UNGUARDED_AVAILABILITY = YES_AGGRESSIVE;
				CLANG_WARN_UNREACHABLE_CODE = YES;
				CLANG_WARN__DUPLICATE_METHOD_MATCH = YES;
				COPY_PHASE_STRIP = NO;
				DEBUG_INFORMATION_FORMAT = "dwarf-with-dsym";
				ENABLE_NS_ASSERTIONS = NO;
				ENABLE_STRICT_OBJC_MSGSEND = YES;
				GCC_C_LANGUAGE_STANDARD = gnu11;
				GCC_NO_COMMON_BLOCKS = YES;
				GCC_WARN_64_TO_32_BIT_CONVERSION = YES;
				GCC_WARN_ABOUT_RETURN_TYPE = YES_ERROR;
				GCC_WARN_UNDECLARED_SELECTOR = YES;
				GCC_WARN_UNINITIALIZED_AUTOS = YES_AGGRESSIVE;
				GCC_WARN_UNUSED_FUNCTION = YES;
				GCC_WARN_UNUSED_VARIABLE = YES;
				IPHONEOS_DEPLOYMENT_TARGET = 16.1;
				MTL_ENABLE_DEBUG_INFO = NO;
				MTL_FAST_MATH = YES;
				SDKROOT = iphoneos;
				SWIFT_COMPILATION_MODE = wholemodule;
				SWIFT_OPTIMIZATION_LEVEL = "-O";
				VALIDATE_PRODUCT = YES;
			};
			name = Release;
		};
		2EFDB8942AA7371C0008E7B6 /* Debug */ = {
			isa = XCBuildConfiguration;
			buildSettings = {
				ASSETCATALOG_COMPILER_APPICON_NAME = AppIcon;
				ASSETCATALOG_COMPILER_GLOBAL_ACCENT_COLOR_NAME = AccentColor;
				CODE_SIGN_STYLE = Automatic;
				CURRENT_PROJECT_VERSION = 1;
				DEVELOPMENT_TEAM = W899AB4MZP;
				GENERATE_INFOPLIST_FILE = YES;
				INFOPLIST_FILE = SnakeAndLadders/Info.plist;
				INFOPLIST_KEY_UIApplicationSupportsIndirectInputEvents = YES;
				INFOPLIST_KEY_UILaunchStoryboardName = LaunchScreen;
				INFOPLIST_KEY_UIMainStoryboardFile = Main;
				INFOPLIST_KEY_UISupportedInterfaceOrientations_iPad = "UIInterfaceOrientationPortrait UIInterfaceOrientationPortraitUpsideDown UIInterfaceOrientationLandscapeLeft UIInterfaceOrientationLandscapeRight";
				INFOPLIST_KEY_UISupportedInterfaceOrientations_iPhone = "UIInterfaceOrientationPortrait UIInterfaceOrientationLandscapeLeft UIInterfaceOrientationLandscapeRight";
				LD_RUNPATH_SEARCH_PATHS = (
					"$(inherited)",
					"@executable_path/Frameworks",
				);
				MARKETING_VERSION = 1.0;
				PRODUCT_BUNDLE_IDENTIFIER = com.shubhranshgupta.SnakeAndLadders;
				PRODUCT_NAME = "$(TARGET_NAME)";
				SWIFT_EMIT_LOC_STRINGS = YES;
				SWIFT_VERSION = 5.0;
				TARGETED_DEVICE_FAMILY = "1,2";
			};
			name = Debug;
		};
		2EFDB8952AA7371C0008E7B6 /* Release */ = {
			isa = XCBuildConfiguration;
			buildSettings = {
				ASSETCATALOG_COMPILER_APPICON_NAME = AppIcon;
				ASSETCATALOG_COMPILER_GLOBAL_ACCENT_COLOR_NAME = AccentColor;
				CODE_SIGN_STYLE = Automatic;
				CURRENT_PROJECT_VERSION = 1;
				DEVELOPMENT_TEAM = W899AB4MZP;
				GENERATE_INFOPLIST_FILE = YES;
				INFOPLIST_FILE = SnakeAndLadders/Info.plist;
				INFOPLIST_KEY_UIApplicationSupportsIndirectInputEvents = YES;
				INFOPLIST_KEY_UILaunchStoryboardName = LaunchScreen;
				INFOPLIST_KEY_UIMainStoryboardFile = Main;
				INFOPLIST_KEY_UISupportedInterfaceOrientations_iPad = "UIInterfaceOrientationPortrait UIInterfaceOrientationPortraitUpsideDown UIInterfaceOrientationLandscapeLeft UIInterfaceOrientationLandscapeRight";
				INFOPLIST_KEY_UISupportedInterfaceOrientations_iPhone = "UIInterfaceOrientationPortrait UIInterfaceOrientationLandscapeLeft UIInterfaceOrientationLandscapeRight";
				LD_RUNPATH_SEARCH_PATHS = (
					"$(inherited)",
					"@executable_path/Frameworks",
				);
				MARKETING_VERSION = 1.0;
				PRODUCT_BUNDLE_IDENTIFIER = com.shubhranshgupta.SnakeAndLadders;
				PRODUCT_NAME = "$(TARGET_NAME)";
				SWIFT_EMIT_LOC_STRINGS = YES;
				SWIFT_VERSION = 5.0;
				TARGETED_DEVICE_FAMILY = "1,2";
			};
			name = Release;
		};
		2EFDB8972AA7371C0008E7B6 /* Debug */ = {
			isa = XCBuildConfiguration;
			buildSettings = {
				ALWAYS_EMBED_SWIFT_STANDARD_LIBRARIES = YES;
				BUNDLE_LOADER = "$(TEST_HOST)";
				CODE_SIGN_STYLE = Automatic;
				CURRENT_PROJECT_VERSION = 1;
				DEVELOPMENT_TEAM = W899AB4MZP;
				GENERATE_INFOPLIST_FILE = YES;
				IPHONEOS_DEPLOYMENT_TARGET = 16.1;
				MARKETING_VERSION = 1.0;
				PRODUCT_BUNDLE_IDENTIFIER = com.shubhranshgupta.SnakeAndLaddersTests;
				PRODUCT_NAME = "$(TARGET_NAME)";
				SWIFT_EMIT_LOC_STRINGS = NO;
				SWIFT_VERSION = 5.0;
				TARGETED_DEVICE_FAMILY = "1,2";
				TEST_HOST = "$(BUILT_PRODUCTS_DIR)/SnakeAndLadders.app/$(BUNDLE_EXECUTABLE_FOLDER_PATH)/SnakeAndLadders";
			};
			name = Debug;
		};
		2EFDB8982AA7371C0008E7B6 /* Release */ = {
			isa = XCBuildConfiguration;
			buildSettings = {
				ALWAYS_EMBED_SWIFT_STANDARD_LIBRARIES = YES;
				BUNDLE_LOADER = "$(TEST_HOST)";
				CODE_SIGN_STYLE = Automatic;
				CURRENT_PROJECT_VERSION = 1;
				DEVELOPMENT_TEAM = W899AB4MZP;
				GENERATE_INFOPLIST_FILE = YES;
				IPHONEOS_DEPLOYMENT_TARGET = 16.1;
				MARKETING_VERSION = 1.0;
				PRODUCT_BUNDLE_IDENTIFIER = com.shubhranshgupta.SnakeAndLaddersTests;
				PRODUCT_NAME = "$(TARGET_NAME)";
				SWIFT_EMIT_LOC_STRINGS = NO;
				SWIFT_VERSION = 5.0;
				TARGETED_DEVICE_FAMILY = "1,2";
				TEST_HOST = "$(BUILT_PRODUCTS_DIR)/SnakeAndLadders.app/$(BUNDLE_EXECUTABLE_FOLDER_PATH)/SnakeAndLadders";
			};
			name = Release;
		};
		2EFDB89A2AA7371C0008E7B6 /* Debug */ = {
			isa = XCBuildConfiguration;
			buildSettings = {
				ALWAYS_EMBED_SWIFT_STANDARD_LIBRARIES = YES;
				CODE_SIGN_STYLE = Automatic;
				CURRENT_PROJECT_VERSION = 1;
				DEVELOPMENT_TEAM = W899AB4MZP;
				GENERATE_INFOPLIST_FILE = YES;
				MARKETING_VERSION = 1.0;
				PRODUCT_BUNDLE_IDENTIFIER = com.shubhranshgupta.SnakeAndLaddersUITests;
				PRODUCT_NAME = "$(TARGET_NAME)";
				SWIFT_EMIT_LOC_STRINGS = NO;
				SWIFT_VERSION = 5.0;
				TARGETED_DEVICE_FAMILY = "1,2";
				TEST_TARGET_NAME = SnakeAndLadders;
			};
			name = Debug;
		};
		2EFDB89B2AA7371C0008E7B6 /* Release */ = {
			isa = XCBuildConfiguration;
			buildSettings = {
				ALWAYS_EMBED_SWIFT_STANDARD_LIBRARIES = YES;
				CODE_SIGN_STYLE = Automatic;
				CURRENT_PROJECT_VERSION = 1;
				DEVELOPMENT_TEAM = W899AB4MZP;
				GENERATE_INFOPLIST_FILE = YES;
				MARKETING_VERSION = 1.0;
				PRODUCT_BUNDLE_IDENTIFIER = com.shubhranshgupta.SnakeAndLaddersUITests;
				PRODUCT_NAME = "$(TARGET_NAME)";
				SWIFT_EMIT_LOC_STRINGS = NO;
				SWIFT_VERSION = 5.0;
				TARGETED_DEVICE_FAMILY = "1,2";
				TEST_TARGET_NAME = SnakeAndLadders;
			};
			name = Release;
		};
/* End XCBuildConfiguration section */

/* Begin XCConfigurationList section */
		2EFDB8642AA7371B0008E7B6 /* Build configuration list for PBXProject "SnakeAndLadders" */ = {
			isa = XCConfigurationList;
			buildConfigurations = (
				2EFDB8912AA7371C0008E7B6 /* Debug */,
				2EFDB8922AA7371C0008E7B6 /* Release */,
			);
			defaultConfigurationIsVisible = 0;
			defaultConfigurationName = Release;
		};
		2EFDB8932AA7371C0008E7B6 /* Build configuration list for PBXNativeTarget "SnakeAndLadders" */ = {
			isa = XCConfigurationList;
			buildConfigurations = (
				2EFDB8942AA7371C0008E7B6 /* Debug */,
				2EFDB8952AA7371C0008E7B6 /* Release */,
			);
			defaultConfigurationIsVisible = 0;
			defaultConfigurationName = Release;
		};
		2EFDB8962AA7371C0008E7B6 /* Build configuration list for PBXNativeTarget "SnakeAndLaddersTests" */ = {
			isa = XCConfigurationList;
			buildConfigurations = (
				2EFDB8972AA7371C0008E7B6 /* Debug */,
				2EFDB8982AA7371C0008E7B6 /* Release */,
			);
			defaultConfigurationIsVisible = 0;
			defaultConfigurationName = Release;
		};
		2EFDB8992AA7371C0008E7B6 /* Build configuration list for PBXNativeTarget "SnakeAndLaddersUITests" */ = {
			isa = XCConfigurationList;
			buildConfigurations = (
				2EFDB89A2AA7371C0008E7B6 /* Debug */,
				2EFDB89B2AA7371C0008E7B6 /* Release */,
			);
			defaultConfigurationIsVisible = 0;
			defaultConfigurationName = Release;
		};
/* End XCConfigurationList section */
	};
	rootObject = 2EFDB8612AA7371B0008E7B6 /* Project object */;
}
